
Microsoft Visual Studio Solution File, Format Version 12.00
# Visual Studio Version 16
VisualStudioVersion = 16.0.32901.82
MinimumVisualStudioVersion = 10.0.40219.1
Project("{FAE04EC0-301F-11D3-BF4B-00C04F79EFBC}") = "KT1", "KT1\KT1.csproj", "{810114F6-BBBB-4A90-95E7-D4CDB2DCF821}"
EndProject
Global
	GlobalSection(SolutionConfigurationPlatforms) = preSolution
		Debug|Any CPU = Debug|Any CPU
		Release|Any CPU = Release|Any CPU
	EndGlobalSection
	GlobalSection(ProjectConfigurationPlatforms) = postSolution
		{810114F6-BBBB-4A90-95E7-D4CDB2DCF821}.Debug|Any CPU.ActiveCfg = Debug|Any CPU
		{810114F6-BBBB-4A90-95E7-D4CDB2DCF821}.Debug|Any CPU.Build.0 = Debug|Any CPU
		{810114F6-BBBB-4A90-95E7-D4CDB2DCF821}.Release|Any CPU.ActiveCfg = Release|Any CPU
		{810114F6-BBBB-4A90-95E7-D4CDB2DCF821}.Release|Any CPU.Build.0 = Release|Any CPU
	EndGlobalSection
	GlobalSection(SolutionProperties) = preSolution
		HideSolutionNode = FALSE
	EndGlobalSection
	GlobalSection(ExtensibilityGlobals) = postSolution
		SolutionGuid = {9EC59D29-EA6D-494F-8135-A2FC54E0D2F1}
	EndGlobalSection
EndGlobal
